Microsoft Visual Studio Solution File, Format Version 12.00
# Visual Studio Version 17
VisualStudioVersion = 17.5.2.0
MinimumVisualStudioVersion = 10.0.40219.1
Project("{FAE04EC0-301F-11D3-BF4B-00C04F79EFBC}") = "Master_Floor_Project", "Master_Floor_Project.csproj", "{E83C8209-1951-80FE-A50A-C4B2D5FAE476}"
EndProject
Global
	GlobalSection(SolutionConfigurationPlatforms) = preSolution
		Debug|Any CPU = Debug|Any CPU
		Release|Any CPU = Release|Any CPU
	EndGlobalSection
	GlobalSection(ProjectConfigurationPlatforms) = postSolution
		{E83C8209-1951-80FE-A50A-C4B2D5FAE476}.Debug|Any CPU.ActiveCfg = Debug|Any CPU
		{E83C8209-1951-80FE-A50A-C4B2D5FAE476}.Debug|Any CPU.Build.0 = Debug|Any CPU
		{E83C8209-1951-80FE-A50A-C4B2D5FAE476}.Release|Any CPU.ActiveCfg = Release|Any CPU
		{E83C8209-1951-80FE-A50A-C4B2D5FAE476}.Release|Any CPU.Build.0 = Release|Any CPU
	EndGlobalSection
	GlobalSection(SolutionProperties) = preSolution
		HideSolutionNode = FALSE
	EndGlobalSection
	GlobalSection(ExtensibilityGlobals) = postSolution
		SolutionGuid = {9E7F9701-5A54-4161-BEC2-406F85C5CFEA}
	EndGlobalSection
EndGlobal
